
Microsoft Visual Studio Solution File, Format Version 12.00
# Visual Studio Version 16
VisualStudioVersion = 16.0.30002.166
MinimumVisualStudioVersion = 10.0.40219.1
Project("{FAE04EC0-301F-11D3-BF4B-00C04F79EFBC}") = "AppleCopy", "AppleCopy\AppleCopy.csproj", "{037C3060-E4B2-4712-9D9D-215FCD599455}"
EndProject
Global
	GlobalSection(SolutionConfigurationPlatforms) = preSolution
		Debug|Any CPU = Debug|Any CPU
		Release|Any CPU = Release|Any CPU
	EndGlobalSection
	GlobalSection(ProjectConfigurationPlatforms) = postSolution
		{037C3060-E4B2-4712-9D9D-215FCD599455}.Debug|Any CPU.ActiveCfg = Debug|Any CPU
		{037C3060-E4B2-4712-9D9D-215FCD599455}.Debug|Any CPU.Build.0 = Debug|Any CPU
		{037C3060-E4B2-4712-9D9D-215FCD599455}.Release|Any CPU.ActiveCfg = Release|Any CPU
		{037C3060-E4B2-4712-9D9D-215FCD599455}.Release|Any CPU.Build.0 = Release|Any CPU
	EndGlobalSection
	GlobalSection(SolutionProperties) = preSolution
		HideSolutionNode = FALSE
	EndGlobalSection
	GlobalSection(ExtensibilityGlobals) = postSolution
		SolutionGuid = {5A203F2B-8AE5-4E54-AA93-7EAFBCA04AD9}
	EndGlobalSection
EndGlobal
